
Microsoft Visual Studio Solution File, Format Version 12.00
# Visual Studio Version 16
VisualStudioVersion = 16.0.31410.357
MinimumVisualStudioVersion = 10.0.40219.1
Project("{FAE04EC0-301F-11D3-BF4B-00C04F79EFBC}") = "DotnetAuthServer.API", "DotnetAuthServer.API\DotnetAuthServer.API.csproj", "{D54D8868-FFDE-4649-B738-C2396AF70712}"
EndProject
Project("{FAE04EC0-301F-11D3-BF4B-00C04F79EFBC}") = "DotnetAuthServer.Core", "DotnetAuthServer.Core\DotnetAuthServer.Core.csproj", "{B9AF06E5-A11B-458B-80F5-90E18096A06E}"
EndProject
Project("{FAE04EC0-301F-11D3-BF4B-00C04F79EFBC}") = "DotnetAuthServer.Data", "DotnetAuthServer.Data\DotnetAuthServer.Data.csproj", "{19BFFF8E-52CD-4890-98AA-BFA602644E6B}"
EndProject
Project("{FAE04EC0-301F-11D3-BF4B-00C04F79EFBC}") = "DotnetAuthServer.Service", "DotnetAuthServer.Service\DotnetAuthServer.Service.csproj", "{92BC9CF6-9F5E-451A-AD84-43CF75DE5CC3}"
EndProject
Project("{FAE04EC0-301F-11D3-BF4B-00C04F79EFBC}") = "MicroApp1.API", "MicroApp1.API\MicroApp1.API.csproj", "{888AF99D-E7E6-4E39-A4E9-016657C54371}"
EndProject
Project("{FAE04EC0-301F-11D3-BF4B-00C04F79EFBC}") = "MicroApp2.API", "MicroApp2.API\MicroApp2.API.csproj", "{07863259-5B99-43D7-A4C2-BB5FBF52E428}"
EndProject
Project("{FAE04EC0-301F-11D3-BF4B-00C04F79EFBC}") = "MicroApp3.API", "MicroApp3.API\MicroApp3.API.csproj", "{32BB17F9-3678-466A-82E2-C6EC1BC18122}"
EndProject
Project("{FAE04EC0-301F-11D3-BF4B-00C04F79EFBC}") = "SharedLibrary", "SharedLibrary\SharedLibrary.csproj", "{029C4C5B-1EE6-4C73-8B70-6205874150B0}"
EndProject
Global
	GlobalSection(SolutionConfigurationPlatforms) = preSolution
		Debug|Any CPU = Debug|Any CPU
		Release|Any CPU = Release|Any CPU
	EndGlobalSection
	GlobalSection(ProjectConfigurationPlatforms) = postSolution
		{D54D8868-FFDE-4649-B738-C2396AF70712}.Debug|Any CPU.ActiveCfg = Debug|Any CPU
		{D54D8868-FFDE-4649-B738-C2396AF70712}.Debug|Any CPU.Build.0 = Debug|Any CPU
		{D54D8868-FFDE-4649-B738-C2396AF70712}.Release|Any CPU.ActiveCfg = Release|Any CPU
		{D54D8868-FFDE-4649-B738-C2396AF70712}.Release|Any CPU.Build.0 = Release|Any CPU
		{B9AF06E5-A11B-458B-80F5-90E18096A06E}.Debug|Any CPU.ActiveCfg = Debug|Any CPU
		{B9AF06E5-A11B-458B-80F5-90E18096A06E}.Debug|Any CPU.Build.0 = Debug|Any CPU
		{B9AF06E5-A11B-458B-80F5-90E18096A06E}.Release|Any CPU.ActiveCfg = Release|Any CPU
		{B9AF06E5-A11B-458B-80F5-90E18096A06E}.Release|Any CPU.Build.0 = Release|Any CPU
		{19BFFF8E-52CD-4890-98AA-BFA602644E6B}.Debug|Any CPU.ActiveCfg = Debug|Any CPU
		{19BFFF8E-52CD-4890-98AA-BFA602644E6B}.Debug|Any CPU.Build.0 = Debug|Any CPU
		{19BFFF8E-52CD-4890-98AA-BFA602644E6B}.Release|Any CPU.ActiveCfg = Release|Any CPU
		{19BFFF8E-52CD-4890-98AA-BFA602644E6B}.Release|Any CPU.Build.0 = Release|Any CPU
		{92BC9CF6-9F5E-451A-AD84-43CF75DE5CC3}.Debug|Any CPU.ActiveCfg = Debug|Any CPU
		{92BC9CF6-9F5E-451A-AD84-43CF75DE5CC3}.Debug|Any CPU.Build.0 = Debug|Any CPU
		{92BC9CF6-9F5E-451A-AD84-43CF75DE5CC3}.Release|Any CPU.ActiveCfg = Release|Any CPU
		{92BC9CF6-9F5E-451A-AD84-43CF75DE5CC3}.Release|Any CPU.Build.0 = Release|Any CPU
		{888AF99D-E7E6-4E39-A4E9-016657C54371}.Debug|Any CPU.ActiveCfg = Debug|Any CPU
		{888AF99D-E7E6-4E39-A4E9-016657C54371}.Debug|Any CPU.Build.0 = Debug|Any CPU
		{888AF99D-E7E6-4E39-A4E9-016657C54371}.Release|Any CPU.ActiveCfg = Release|Any CPU
		{888AF99D-E7E6-4E39-A4E9-016657C54371}.Release|Any CPU.Build.0 = Release|Any CPU
		{07863259-5B99-43D7-A4C2-BB5FBF52E428}.Debug|Any CPU.ActiveCfg = Debug|Any CPU
		{07863259-5B99-43D7-A4C2-BB5FBF52E428}.Debug|Any CPU.Build.0 = Debug|Any CPU
		{07863259-5B99-43D7-A4C2-BB5FBF52E428}.Release|Any CPU.ActiveCfg = Release|Any CPU
		{07863259-5B99-43D7-A4C2-BB5FBF52E428}.Release|Any CPU.Build.0 = Release|Any CPU
		{32BB17F9-3678-466A-82E2-C6EC1BC18122}.Debug|Any CPU.ActiveCfg = Debug|Any CPU
		{32BB17F9-3678-466A-82E2-C6EC1BC18122}.Debug|Any CPU.Build.0 = Debug|Any CPU
		{32BB17F9-3678-466A-82E2-C6EC1BC18122}.Release|Any CPU.ActiveCfg = Release|Any CPU
		{32BB17F9-3678-466A-82E2-C6EC1BC18122}.Release|Any CPU.Build.0 = Release|Any CPU
		{029C4C5B-1EE6-4C73-8B70-6205874150B0}.Debug|Any CPU.ActiveCfg = Debug|Any CPU
		{029C4C5B-1EE6-4C73-8B70-6205874150B0}.Debug|Any CPU.Build.0 = Debug|Any CPU
		{029C4C5B-1EE6-4C73-8B70-6205874150B0}.Release|Any CPU.ActiveCfg = Release|Any CPU
		{029C4C5B-1EE6-4C73-8B70-6205874150B0}.Release|Any CPU.Build.0 = Release|Any CPU
	EndGlobalSection
	GlobalSection(SolutionProperties) = preSolution
		HideSolutionNode = FALSE
	EndGlobalSection
	GlobalSection(ExtensibilityGlobals) = postSolution
		SolutionGuid = {87C0A120-045E-409E-AACB-03F79AA5F597}
	EndGlobalSection
EndGlobal
