
Microsoft Visual Studio Solution File, Format Version 12.00
# Visual Studio Version 16
VisualStudioVersion = 16.0.31410.357
MinimumVisualStudioVersion = 10.0.40219.1
Project("{FAE04EC0-301F-11D3-BF4B-00C04F79EFBC}") = "DotnetAuthServer.API", "DotnetAuthServer.API\DotnetAuthServer.API.csproj", "{D54D8868-FFDE-4649-B738-C2396AF70712}"
EndProject
Global
	GlobalSection(SolutionConfigurationPlatforms) = preSolution
		Debug|Any CPU = Debug|Any CPU
		Release|Any CPU = Release|Any CPU
	EndGlobalSection
	GlobalSection(ProjectConfigurationPlatforms) = postSolution
		{D54D8868-FFDE-4649-B738-C2396AF70712}.Debug|Any CPU.ActiveCfg = Debug|Any CPU
		{D54D8868-FFDE-4649-B738-C2396AF70712}.Debug|Any CPU.Build.0 = Debug|Any CPU
		{D54D8868-FFDE-4649-B738-C2396AF70712}.Release|Any CPU.ActiveCfg = Release|Any CPU
		{D54D8868-FFDE-4649-B738-C2396AF70712}.Release|Any CPU.Build.0 = Release|Any CPU
	EndGlobalSection
	GlobalSection(SolutionProperties) = preSolution
		HideSolutionNode = FALSE
	EndGlobalSection
	GlobalSection(ExtensibilityGlobals) = postSolution
		SolutionGuid = {87C0A120-045E-409E-AACB-03F79AA5F597}
	EndGlobalSection
EndGlobal
